// !$*UTF8*$!
{
	archiveVersion = 1;
	classes = {
	};
	objectVersion = 50;
	objects = {

/* Begin PBXBuildFile section */
		BE4EB3F124AB1B06001748A7 /* AppDelegate.swift in Sources */ = {isa = PBXBuildFile; fileRef = BE4EB3F024AB1B06001748A7 /* AppDelegate.swift */; };
		BE4EB3F324AB1B06001748A7 /* SceneDelegate.swift in Sources */ = {isa = PBXBuildFile; fileRef = BE4EB3F224AB1B06001748A7 /* SceneDelegate.swift */; };
		BE4EB3F524AB1B06001748A7 /* MainViewController.swift in Sources */ = {isa = PBXBuildFile; fileRef = BE4EB3F424AB1B06001748A7 /* MainViewController.swift */; };
		BE4EB3F824AB1B06001748A7 /* Main.storyboard in Resources */ = {isa = PBXBuildFile; fileRef = BE4EB3F624AB1B06001748A7 /* Main.storyboard */; };
		BE4EB3FA24AB1B0B001748A7 /* Assets.xcassets in Resources */ = {isa = PBXBuildFile; fileRef = BE4EB3F924AB1B0B001748A7 /* Assets.xcassets */; };
		BE4EB3FD24AB1B0B001748A7 /* LaunchScreen.storyboard in Resources */ = {isa = PBXBuildFile; fileRef = BE4EB3FB24AB1B0B001748A7 /* LaunchScreen.storyboard */; };
		BE4EB42B24AC21D0001748A7 /* CustomTableViewController.swift in Sources */ = {isa = PBXBuildFile; fileRef = BE4EB42924AC21D0001748A7 /* CustomTableViewController.swift */; };
		BE4EB42E24AC2243001748A7 /* CustomTableViewController.storyboard in Resources */ = {isa = PBXBuildFile; fileRef = BE4EB42D24AC2243001748A7 /* CustomTableViewController.storyboard */; };
		BE4EB43024AC7972001748A7 /* IndexsViewController.swift in Sources */ = {isa = PBXBuildFile; fileRef = BE4EB42F24AC7972001748A7 /* IndexsViewController.swift */; };
		BE4EB43224AC80F5001748A7 /* IndexsViewController.storyboard in Resources */ = {isa = PBXBuildFile; fileRef = BE4EB43124AC80F5001748A7 /* IndexsViewController.storyboard */; };
		BE4EB43424AC8177001748A7 /* SelectViewController.swift in Sources */ = {isa = PBXBuildFile; fileRef = BE4EB43324AC8177001748A7 /* SelectViewController.swift */; };
		BE4EB43624AC8183001748A7 /* SelectViewController.storyboard in Resources */ = {isa = PBXBuildFile; fileRef = BE4EB43524AC8183001748A7 /* SelectViewController.storyboard */; };
		BE4EB43824AC8B81001748A7 /* AddViewController.swift in Sources */ = {isa = PBXBuildFile; fileRef = BE4EB43724AC8B81001748A7 /* AddViewController.swift */; };
		BE4EB43A24AC8B8F001748A7 /* AddViewController.storyboard in Resources */ = {isa = PBXBuildFile; fileRef = BE4EB43924AC8B8F001748A7 /* AddViewController.storyboard */; };
		BEA50BB324AD8ADC00FD2281 /* WKWebViewViewController.swift in Sources */ = {isa = PBXBuildFile; fileRef = BEA50BB224AD8ADC00FD2281 /* WKWebViewViewController.swift */; };
		BEA50BB524AD8AEE00FD2281 /* WKWebViewViewController.storyboard in Resources */ = {isa = PBXBuildFile; fileRef = BEA50BB424AD8AEE00FD2281 /* WKWebViewViewController.storyboard */; };
		BEA50BB824ADC8C600FD2281 /* SystemUtil.swift in Sources */ = {isa = PBXBuildFile; fileRef = BEA50BB724ADC8C600FD2281 /* SystemUtil.swift */; };
		FB3C142CCC024A4628367A5A /* Pods_LXFSwiftApp.framework in Frameworks */ = {isa = PBXBuildFile; fileRef = 4CC7FC6BD417C52CAF290038 /* Pods_LXFSwiftApp.framework */; };
/* End PBXBuildFile section */

/* Begin PBXFileReference section */
		4CC7FC6BD417C52CAF290038 /* Pods_LXFSwiftApp.framework */ = {isa = PBXFileReference; explicitFileType = wrapper.framework; includeInIndex = 0; path = Pods_LXFSwiftApp.framework; sourceTree = BUILT_PRODUCTS_DIR; };
		660B000C737C035AEFB0D907 /* Pods-LXFSwiftApp.debug.xcconfig */ = {isa = PBXFileReference; includeInIndex = 1; lastKnownFileType = text.xcconfig; name = "Pods-LXFSwiftApp.debug.xcconfig"; path = "Target Support Files/Pods-LXFSwiftApp/Pods-LXFSwiftApp.debug.xcconfig"; sourceTree = "<group>"; };
		A314908E8085689568387A27 /* Pods-LXFSwiftApp.release.xcconfig */ = {isa = PBXFileReference; includeInIndex = 1; lastKnownFileType = text.xcconfig; name = "Pods-LXFSwiftApp.release.xcconfig"; path = "Target Support Files/Pods-LXFSwiftApp/Pods-LXFSwiftApp.release.xcconfig"; sourceTree = "<group>"; };
		BE4EB3ED24AB1B06001748A7 /* LXFSwiftApp.app */ = {isa = PBXFileReference; explicitFileType = wrapper.application; includeInIndex = 0; path = LXFSwiftApp.app; sourceTree = BUILT_PRODUCTS_DIR; };
		BE4EB3F024AB1B06001748A7 /* AppDelegate.swift */ = {isa = PBXFileReference; lastKnownFileType = sourcecode.swift; path = AppDelegate.swift; sourceTree = "<group>"; };
		BE4EB3F224AB1B06001748A7 /* SceneDelegate.swift */ = {isa = PBXFileReference; lastKnownFileType = sourcecode.swift; path = SceneDelegate.swift; sourceTree = "<group>"; };
		BE4EB3F424AB1B06001748A7 /* MainViewController.swift */ = {isa = PBXFileReference; lastKnownFileType = sourcecode.swift; path = MainViewController.swift; sourceTree = "<group>"; };
		BE4EB3F724AB1B06001748A7 /* Base */ = {isa = PBXFileReference; lastKnownFileType = file.storyboard; name = Base; path = Base.lproj/Main.storyboard; sourceTree = "<group>"; };
		BE4EB3F924AB1B0B001748A7 /* Assets.xcassets */ = {isa = PBXFileReference; lastKnownFileType = folder.assetcatalog; path = Assets.xcassets; sourceTree = "<group>"; };
		BE4EB3FC24AB1B0B001748A7 /* Base */ = {isa = PBXFileReference; lastKnownFileType = file.storyboard; name = Base; path = Base.lproj/LaunchScreen.storyboard; sourceTree = "<group>"; };
		BE4EB3FE24AB1B0B001748A7 /* Info.plist */ = {isa = PBXFileReference; lastKnownFileType = text.plist.xml; path = Info.plist; sourceTree = "<group>"; };
		BE4EB42924AC21D0001748A7 /* CustomTableViewController.swift */ = {isa = PBXFileReference; lastKnownFileType = sourcecode.swift; path = CustomTableViewController.swift; sourceTree = "<group>"; };
		BE4EB42D24AC2243001748A7 /* CustomTableViewController.storyboard */ = {isa = PBXFileReference; lastKnownFileType = file.storyboard; path = CustomTableViewController.storyboard; sourceTree = "<group>"; };
		BE4EB42F24AC7972001748A7 /* IndexsViewController.swift */ = {isa = PBXFileReference; lastKnownFileType = sourcecode.swift; path = IndexsViewController.swift; sourceTree = "<group>"; };
		BE4EB43124AC80F5001748A7 /* IndexsViewController.storyboard */ = {isa = PBXFileReference; lastKnownFileType = file.storyboard; path = IndexsViewController.storyboard; sourceTree = "<group>"; };
		BE4EB43324AC8177001748A7 /* SelectViewController.swift */ = {isa = PBXFileReference; lastKnownFileType = sourcecode.swift; path = SelectViewController.swift; sourceTree = "<group>"; };
		BE4EB43524AC8183001748A7 /* SelectViewController.storyboard */ = {isa = PBXFileReference; lastKnownFileType = file.storyboard; path = SelectViewController.storyboard; sourceTree = "<group>"; };
		BE4EB43724AC8B81001748A7 /* AddViewController.swift */ = {isa = PBXFileReference; lastKnownFileType = sourcecode.swift; path = AddViewController.swift; sourceTree = "<group>"; };
		BE4EB43924AC8B8F001748A7 /* AddViewController.storyboard */ = {isa = PBXFileReference; lastKnownFileType = file.storyboard; path = AddViewController.storyboard; sourceTree = "<group>"; };
		BEA50BB224AD8ADC00FD2281 /* WKWebViewViewController.swift */ = {isa = PBXFileReference; lastKnownFileType = sourcecode.swift; path = WKWebViewViewController.swift; sourceTree = "<group>"; };
		BEA50BB424AD8AEE00FD2281 /* WKWebViewViewController.storyboard */ = {isa = PBXFileReference; lastKnownFileType = file.storyboard; path = WKWebViewViewController.storyboard; sourceTree = "<group>"; };
		BEA50BB724ADC8C600FD2281 /* SystemUtil.swift */ = {isa = PBXFileReference; lastKnownFileType = sourcecode.swift; path = SystemUtil.swift; sourceTree = "<group>"; };
/* End PBXFileReference section */

/* Begin PBXFrameworksBuildPhase section */
		BE4EB3EA24AB1B06001748A7 /* Frameworks */ = {
			isa = PBXFrameworksBuildPhase;
			buildActionMask = 2147483647;
			files = (
				FB3C142CCC024A4628367A5A /* Pods_LXFSwiftApp.framework in Frameworks */,
			);
			runOnlyForDeploymentPostprocessing = 0;
		};
/* End PBXFrameworksBuildPhase section */

/* Begin PBXGroup section */
		19BC98A64C0E0868B35DE80F /* Pods */ = {
			isa = PBXGroup;
			children = (
				660B000C737C035AEFB0D907 /* Pods-LXFSwiftApp.debug.xcconfig */,
				A314908E8085689568387A27 /* Pods-LXFSwiftApp.release.xcconfig */,
			);
			path = Pods;
			sourceTree = "<group>";
		};
		BE4EB3E424AB1B06001748A7 = {
			isa = PBXGroup;
			children = (
				BE4EB3EF24AB1B06001748A7 /* LXFSwiftApp */,
				BE4EB3EE24AB1B06001748A7 /* Products */,
				19BC98A64C0E0868B35DE80F /* Pods */,
				D1BE22779AB2DF4D612FABDE /* Frameworks */,
			);
			sourceTree = "<group>";
		};
		BE4EB3EE24AB1B06001748A7 /* Products */ = {
			isa = PBXGroup;
			children = (
				BE4EB3ED24AB1B06001748A7 /* LXFSwiftApp.app */,
			);
			name = Products;
			sourceTree = "<group>";
		};
		BE4EB3EF24AB1B06001748A7 /* LXFSwiftApp */ = {
			isa = PBXGroup;
			children = (
				BE4EB42624AC216D001748A7 /* Pages */,
				BEA50BB624ADC83B00FD2281 /* Utils */,
				BE4EB3F024AB1B06001748A7 /* AppDelegate.swift */,
				BE4EB3F224AB1B06001748A7 /* SceneDelegate.swift */,
				BE4EB3F424AB1B06001748A7 /* MainViewController.swift */,
				BE4EB3F624AB1B06001748A7 /* Main.storyboard */,
				BE4EB3F924AB1B0B001748A7 /* Assets.xcassets */,
				BE4EB3FB24AB1B0B001748A7 /* LaunchScreen.storyboard */,
				BE4EB3FE24AB1B0B001748A7 /* Info.plist */,
			);
			path = LXFSwiftApp;
			sourceTree = "<group>";
		};
		BE4EB42624AC216D001748A7 /* Pages */ = {
			isa = PBXGroup;
			children = (
				BE4EB42924AC21D0001748A7 /* CustomTableViewController.swift */,
				BE4EB42D24AC2243001748A7 /* CustomTableViewController.storyboard */,
				BE4EB42F24AC7972001748A7 /* IndexsViewController.swift */,
				BE4EB43124AC80F5001748A7 /* IndexsViewController.storyboard */,
				BE4EB43324AC8177001748A7 /* SelectViewController.swift */,
				BE4EB43524AC8183001748A7 /* SelectViewController.storyboard */,
				BE4EB43724AC8B81001748A7 /* AddViewController.swift */,
				BE4EB43924AC8B8F001748A7 /* AddViewController.storyboard */,
				BEA50BB224AD8ADC00FD2281 /* WKWebViewViewController.swift */,
				BEA50BB424AD8AEE00FD2281 /* WKWebViewViewController.storyboard */,
			);
			path = Pages;
			sourceTree = "<group>";
		};
		BEA50BB624ADC83B00FD2281 /* Utils */ = {
			isa = PBXGroup;
			children = (
				BEA50BB724ADC8C600FD2281 /* SystemUtil.swift */,
			);
			path = Utils;
			sourceTree = "<group>";
		};
		D1BE22779AB2DF4D612FABDE /* Frameworks */ = {
			isa = PBXGroup;
			children = (
				4CC7FC6BD417C52CAF290038 /* Pods_LXFSwiftApp.framework */,
			);
			name = Frameworks;
			sourceTree = "<group>";
		};
/* End PBXGroup section */

/* Begin PBXNativeTarget section */
		BE4EB3EC24AB1B06001748A7 /* LXFSwiftApp */ = {
			isa = PBXNativeTarget;
			buildConfigurationList = BE4EB40124AB1B0B001748A7 /* Build configuration list for PBXNativeTarget "LXFSwiftApp" */;
			buildPhases = (
				9738E8FE3EDF1EDFD2E17070 /* [CP] Check Pods Manifest.lock */,
				BE4EB3E924AB1B06001748A7 /* Sources */,
				BE4EB3EA24AB1B06001748A7 /* Frameworks */,
				BE4EB3EB24AB1B06001748A7 /* Resources */,
			);
			buildRules = (
			);
			dependencies = (
			);
			name = LXFSwiftApp;
			productName = LXFSwiftApp;
			productReference = BE4EB3ED24AB1B06001748A7 /* LXFSwiftApp.app */;
			productType = "com.apple.product-type.application";
		};
/* End PBXNativeTarget section */

/* Begin PBXProject section */
		BE4EB3E524AB1B06001748A7 /* Project object */ = {
			isa = PBXProject;
			attributes = {
				LastSwiftUpdateCheck = 1150;
				LastUpgradeCheck = 1150;
				ORGANIZATIONNAME = "凌煊峰";
				TargetAttributes = {
					BE4EB3EC24AB1B06001748A7 = {
						CreatedOnToolsVersion = 11.5;
					};
				};
			};
			buildConfigurationList = BE4EB3E824AB1B06001748A7 /* Build configuration list for PBXProject "LXFSwiftApp" */;
			compatibilityVersion = "Xcode 9.3";
			developmentRegion = en;
			hasScannedForEncodings = 0;
			knownRegions = (
				en,
				Base,
			);
			mainGroup = BE4EB3E424AB1B06001748A7;
			productRefGroup = BE4EB3EE24AB1B06001748A7 /* Products */;
			projectDirPath = "";
			projectRoot = "";
			targets = (
				BE4EB3EC24AB1B06001748A7 /* LXFSwiftApp */,
			);
		};
/* End PBXProject section */

/* Begin PBXResourcesBuildPhase section */
		BE4EB3EB24AB1B06001748A7 /* Resources */ = {
			isa = PBXResourcesBuildPhase;
			buildActionMask = 2147483647;
			files = (
				BE4EB3FD24AB1B0B001748A7 /* LaunchScreen.storyboard in Resources */,
				BE4EB42E24AC2243001748A7 /* CustomTableViewController.storyboard in Resources */,
				BE4EB43224AC80F5001748A7 /* IndexsViewController.storyboard in Resources */,
				BE4EB43624AC8183001748A7 /* SelectViewController.storyboard in Resources */,
				BE4EB3FA24AB1B0B001748A7 /* Assets.xcassets in Resources */,
				BE4EB43A24AC8B8F001748A7 /* AddViewController.storyboard in Resources */,
				BE4EB3F824AB1B06001748A7 /* Main.storyboard in Resources */,
				BEA50BB524AD8AEE00FD2281 /* WKWebViewViewController.storyboard in Resources */,
			);
			runOnlyForDeploymentPostprocessing = 0;
		};
/* End PBXResourcesBuildPhase section */

/* Begin PBXShellScriptBuildPhase section */
		9738E8FE3EDF1EDFD2E17070 /* [CP] Check Pods Manifest.lock */ = {
			isa = PBXShellScriptBuildPhase;
			buildActionMask = 2147483647;
			files = (
			);
			inputFileListPaths = (
			);
			inputPaths = (
				"${PODS_PODFILE_DIR_PATH}/Podfile.lock",
				"${PODS_ROOT}/Manifest.lock",
			);
			name = "[CP] Check Pods Manifest.lock";
			outputFileListPaths = (
			);
			outputPaths = (
				"$(DERIVED_FILE_DIR)/Pods-LXFSwiftApp-checkManifestLockResult.txt",
			);
			runOnlyForDeploymentPostprocessing = 0;
			shellPath = /bin/sh;
			shellScript = "diff \"${PODS_PODFILE_DIR_PATH}/Podfile.lock\" \"${PODS_ROOT}/Manifest.lock\" > /dev/null\nif [ $? != 0 ] ; then\n    # print error to STDERR\n    echo \"error: The sandbox is not in sync with the Podfile.lock. Run 'pod install' or update your CocoaPods installation.\" >&2\n    exit 1\nfi\n# This output is used by Xcode 'outputs' to avoid re-running this script phase.\necho \"SUCCESS\" > \"${SCRIPT_OUTPUT_FILE_0}\"\n";
			showEnvVarsInLog = 0;
		};
/* End PBXShellScriptBuildPhase section */

/* Begin PBXSourcesBuildPhase section */
		BE4EB3E924AB1B06001748A7 /* Sources */ = {
			isa = PBXSourcesBuildPhase;
			buildActionMask = 2147483647;
			files = (
				BEA50BB824ADC8C600FD2281 /* SystemUtil.swift in Sources */,
				BE4EB42B24AC21D0001748A7 /* CustomTableViewController.swift in Sources */,
				BE4EB43024AC7972001748A7 /* IndexsViewController.swift in Sources */,
				BEA50BB324AD8ADC00FD2281 /* WKWebViewViewController.swift in Sources */,
				BE4EB43824AC8B81001748A7 /* AddViewController.swift in Sources */,
				BE4EB3F524AB1B06001748A7 /* MainViewController.swift in Sources */,
				BE4EB3F124AB1B06001748A7 /* AppDelegate.swift in Sources */,
				BE4EB43424AC8177001748A7 /* SelectViewController.swift in Sources */,
				BE4EB3F324AB1B06001748A7 /* SceneDelegate.swift in Sources */,
			);
			runOnlyForDeploymentPostprocessing = 0;
		};
/* End PBXSourcesBuildPhase section */

/* Begin PBXVariantGroup section */
		BE4EB3F624AB1B06001748A7 /* Main.storyboard */ = {
			isa = PBXVariantGroup;
			children = (
				BE4EB3F724AB1B06001748A7 /* Base */,
			);
			name = Main.storyboard;
			sourceTree = "<group>";
		};
		BE4EB3FB24AB1B0B001748A7 /* LaunchScreen.storyboard */ = {
			isa = PBXVariantGroup;
			children = (
				BE4EB3FC24AB1B0B001748A7 /* Base */,
			);
			name = LaunchScreen.storyboard;
			sourceTree = "<group>";
		};
/* End PBXVariantGroup section */

/* Begin XCBuildConfiguration section */
		BE4EB3FF24AB1B0B001748A7 /* Debug */ = {
			isa = XCBuildConfiguration;
			buildSettings = {
				ALWAYS_SEARCH_USER_PATHS = NO;
				CLANG_ANALYZER_NONNULL = YES;
				CLANG_ANALYZER_NUMBER_OBJECT_CONVERSION = YES_AGGRESSIVE;
				CLANG_CXX_LANGUAGE_STANDARD = "gnu++14";
				CLANG_CXX_LIBRARY = "libc++";
				CLANG_ENABLE_MODULES = YES;
				CLANG_ENABLE_OBJC_ARC = YES;
				CLANG_ENABLE_OBJC_WEAK = YES;
				CLANG_WARN_BLOCK_CAPTURE_AUTORELEASING = YES;
				CLANG_WARN_BOOL_CONVERSION = YES;
				CLANG_WARN_COMMA = YES;
				CLANG_WARN_CONSTANT_CONVERSION = YES;
				CLANG_WARN_DEPRECATED_OBJC_IMPLEMENTATIONS = YES;
				CLANG_WARN_DIRECT_OBJC_ISA_USAGE = YES_ERROR;
				CLANG_WARN_DOCUMENTATION_COMMENTS = YES;
				CLANG_WARN_EMPTY_BODY = YES;
				CLANG_WARN_ENUM_CONVERSION = YES;
				CLANG_WARN_INFINITE_RECURSION = YES;
				CLANG_WARN_INT_CONVERSION = YES;
				CLANG_WARN_NON_LITERAL_NULL_CONVERSION = YES;
				CLANG_WARN_OBJC_IMPLICIT_RETAIN_SELF = YES;
				CLANG_WARN_OBJC_LITERAL_CONVERSION = YES;
				CLANG_WARN_OBJC_ROOT_CLASS = YES_ERROR;
				CLANG_WARN_RANGE_LOOP_ANALYSIS = YES;
				CLANG_WARN_STRICT_PROTOTYPES = YES;
				CLANG_WARN_SUSPICIOUS_MOVE = YES;
				CLANG_WARN_UNGUARDED_AVAILABILITY = YES_AGGRESSIVE;
				CLANG_WARN_UNREACHABLE_CODE = YES;
				CLANG_WARN__DUPLICATE_METHOD_MATCH = YES;
				COPY_PHASE_STRIP = NO;
				DEBUG_INFORMATION_FORMAT = dwarf;
				ENABLE_STRICT_OBJC_MSGSEND = YES;
				ENABLE_TESTABILITY = YES;
				GCC_C_LANGUAGE_STANDARD = gnu11;
				GCC_DYNAMIC_NO_PIC = NO;
				GCC_NO_COMMON_BLOCKS = YES;
				GCC_OPTIMIZATION_LEVEL = 0;
				GCC_PREPROCESSOR_DEFINITIONS = (
					"DEBUG=1",
					"$(inherited)",
				);
				GCC_WARN_64_TO_32_BIT_CONVERSION = YES;
				GCC_WARN_ABOUT_RETURN_TYPE = YES_ERROR;
				GCC_WARN_UNDECLARED_SELECTOR = YES;
				GCC_WARN_UNINITIALIZED_AUTOS = YES_AGGRESSIVE;
				GCC_WARN_UNUSED_FUNCTION = YES;
				GCC_WARN_UNUSED_VARIABLE = YES;
				IPHONEOS_DEPLOYMENT_TARGET = 13.5;
				MTL_ENABLE_DEBUG_INFO = INCLUDE_SOURCE;
				MTL_FAST_MATH = YES;
				ONLY_ACTIVE_ARCH = YES;
				SDKROOT = iphoneos;
				SWIFT_ACTIVE_COMPILATION_CONDITIONS = DEBUG;
				SWIFT_OPTIMIZATION_LEVEL = "-Onone";
			};
			name = Debug;
		};
		BE4EB40024AB1B0B001748A7 /* Release */ = {
			isa = XCBuildConfiguration;
			buildSettings = {
				ALWAYS_SEARCH_USER_PATHS = NO;
				CLANG_ANALYZER_NONNULL = YES;
				CLANG_ANALYZER_NUMBER_OBJECT_CONVERSION = YES_AGGRESSIVE;
				CLANG_CXX_LANGUAGE_STANDARD = "gnu++14";
				CLANG_CXX_LIBRARY = "libc++";
				CLANG_ENABLE_MODULES = YES;
				CLANG_ENABLE_OBJC_ARC = YES;
				CLANG_ENABLE_OBJC_WEAK = YES;
				CLANG_WARN_BLOCK_CAPTURE_AUTORELEASING = YES;
				CLANG_WARN_BOOL_CONVERSION = YES;
				CLANG_WARN_COMMA = YES;
				CLANG_WARN_CONSTANT_CONVERSION = YES;
				CLANG_WARN_DEPRECATED_OBJC_IMPLEMENTATIONS = YES;
				CLANG_WARN_DIRECT_OBJC_ISA_USAGE = YES_ERROR;
				CLANG_WARN_DOCUMENTATION_COMMENTS = YES;
				CLANG_WARN_EMPTY_BODY = YES;
				CLANG_WARN_ENUM_CONVERSION = YES;
				CLANG_WARN_INFINITE_RECURSION = YES;
				CLANG_WARN_INT_CONVERSION = YES;
				CLANG_WARN_NON_LITERAL_NULL_CONVERSION = YES;
				CLANG_WARN_OBJC_IMPLICIT_RETAIN_SELF = YES;
				CLANG_WARN_OBJC_LITERAL_CONVERSION = YES;
				CLANG_WARN_OBJC_ROOT_CLASS = YES_ERROR;
				CLANG_WARN_RANGE_LOOP_ANALYSIS = YES;
				CLANG_WARN_STRICT_PROTOTYPES = YES;
				CLANG_WARN_SUSPICIOUS_MOVE = YES;
				CLANG_WARN_UNGUARDED_AVAILABILITY = YES_AGGRESSIVE;
				CLANG_WARN_UNREACHABLE_CODE = YES;
				CLANG_WARN__DUPLICATE_METHOD_MATCH = YES;
				COPY_PHASE_STRIP = NO;
				DEBUG_INFORMATION_FORMAT = "dwarf-with-dsym";
				ENABLE_NS_ASSERTIONS = NO;
				ENABLE_STRICT_OBJC_MSGSEND = YES;
				GCC_C_LANGUAGE_STANDARD = gnu11;
				GCC_NO_COMMON_BLOCKS = YES;
				GCC_WARN_64_TO_32_BIT_CONVERSION = YES;
				GCC_WARN_ABOUT_RETURN_TYPE = YES_ERROR;
				GCC_WARN_UNDECLARED_SELECTOR = YES;
				GCC_WARN_UNINITIALIZED_AUTOS = YES_AGGRESSIVE;
				GCC_WARN_UNUSED_FUNCTION = YES;
				GCC_WARN_UNUSED_VARIABLE = YES;
				IPHONEOS_DEPLOYMENT_TARGET = 13.5;
				MTL_ENABLE_DEBUG_INFO = NO;
				MTL_FAST_MATH = YES;
				SDKROOT = iphoneos;
				SWIFT_COMPILATION_MODE = wholemodule;
				SWIFT_OPTIMIZATION_LEVEL = "-O";
				VALIDATE_PRODUCT = YES;
			};
			name = Release;
		};
		BE4EB40224AB1B0B001748A7 /* Debug */ = {
			isa = XCBuildConfiguration;
			baseConfigurationReference = 660B000C737C035AEFB0D907 /* Pods-LXFSwiftApp.debug.xcconfig */;
			buildSettings = {
				ASSETCATALOG_COMPILER_APPICON_NAME = AppIcon;
				CODE_SIGN_STYLE = Automatic;
				DEVELOPMENT_TEAM = Y6RTP7B9HD;
				INFOPLIST_FILE = LXFSwiftApp/Info.plist;
				IPHONEOS_DEPLOYMENT_TARGET = 13.0;
				LD_RUNPATH_SEARCH_PATHS = (
					"$(inherited)",
					"@executable_path/Frameworks",
				);
				PRODUCT_BUNDLE_IDENTIFIER = lingxuanfeng.LXFSwiftApp;
				PRODUCT_NAME = "$(TARGET_NAME)";
				SWIFT_VERSION = 5.0;
				TARGETED_DEVICE_FAMILY = "1,2";
			};
			name = Debug;
		};
		BE4EB40324AB1B0B001748A7 /* Release */ = {
			isa = XCBuildConfiguration;
			baseConfigurationReference = A314908E8085689568387A27 /* Pods-LXFSwiftApp.release.xcconfig */;
			buildSettings = {
				ASSETCATALOG_COMPILER_APPICON_NAME = AppIcon;
				CODE_SIGN_STYLE = Automatic;
				DEVELOPMENT_TEAM = Y6RTP7B9HD;
				INFOPLIST_FILE = LXFSwiftApp/Info.plist;
				IPHONEOS_DEPLOYMENT_TARGET = 13.0;
				LD_RUNPATH_SEARCH_PATHS = (
					"$(inherited)",
					"@executable_path/Frameworks",
				);
				PRODUCT_BUNDLE_IDENTIFIER = lingxuanfeng.LXFSwiftApp;
				PRODUCT_NAME = "$(TARGET_NAME)";
				SWIFT_VERSION = 5.0;
				TARGETED_DEVICE_FAMILY = "1,2";
			};
			name = Release;
		};
/* End XCBuildConfiguration section */

/* Begin XCConfigurationList section */
		BE4EB3E824AB1B06001748A7 /* Build configuration list for PBXProject "LXFSwiftApp" */ = {
			isa = XCConfigurationList;
			buildConfigurations = (
				BE4EB3FF24AB1B0B001748A7 /* Debug */,
				BE4EB40024AB1B0B001748A7 /* Release */,
			);
			defaultConfigurationIsVisible = 0;
			defaultConfigurationName = Release;
		};
		BE4EB40124AB1B0B001748A7 /* Build configuration list for PBXNativeTarget "LXFSwiftApp" */ = {
			isa = XCConfigurationList;
			buildConfigurations = (
				BE4EB40224AB1B0B001748A7 /* Debug */,
				BE4EB40324AB1B0B001748A7 /* Release */,
			);
			defaultConfigurationIsVisible = 0;
			defaultConfigurationName = Release;
		};
/* End XCConfigurationList section */
	};
	rootObject = BE4EB3E524AB1B06001748A7 /* Project object */;
}
